// !$*UTF8*$!
{
	archiveVersion = 1;
	classes = {
	};
	objectVersion = 56;
	objects = {

/* Begin PBXBuildFile section */
		8D72FB9F2A9DCA7F00CDCFAF /* AppDelegate.swift in Sources */ = {isa = PBXBuildFile; fileRef = 8D72FB9E2A9DCA7F00CDCFAF /* AppDelegate.swift */; };
		8D72FBA12A9DCA7F00CDCFAF /* SceneDelegate.swift in Sources */ = {isa = PBXBuildFile; fileRef = 8D72FBA02A9DCA7F00CDCFAF /* SceneDelegate.swift */; };
		8D72FBA32A9DCA7F00CDCFAF /* ViewController.swift in Sources */ = {isa = PBXBuildFile; fileRef = 8D72FBA22A9DCA7F00CDCFAF /* ViewController.swift */; };
		8D72FBA62A9DCA7F00CDCFAF /* Main.storyboard in Resources */ = {isa = PBXBuildFile; fileRef = 8D72FBA42A9DCA7F00CDCFAF /* Main.storyboard */; };
		8D72FBA92A9DCA7F00CDCFAF /* KnightChess.xcdatamodeld in Sources */ = {isa = PBXBuildFile; fileRef = 8D72FBA72A9DCA7F00CDCFAF /* KnightChess.xcdatamodeld */; };
		8D72FBAB2A9DCA8000CDCFAF /* Assets.xcassets in Resources */ = {isa = PBXBuildFile; fileRef = 8D72FBAA2A9DCA8000CDCFAF /* Assets.xcassets */; };
		8D72FBAE2A9DCA8000CDCFAF /* LaunchScreen.storyboard in Resources */ = {isa = PBXBuildFile; fileRef = 8D72FBAC2A9DCA8000CDCFAF /* LaunchScreen.storyboard */; };
		8D72FBB62A9DCDED00CDCFAF /* ChessBoardViewModel.swift in Sources */ = {isa = PBXBuildFile; fileRef = 8D72FBB52A9DCDED00CDCFAF /* ChessBoardViewModel.swift */; };
		8D72FBB92A9DCE4100CDCFAF /* Chessboard.swift in Sources */ = {isa = PBXBuildFile; fileRef = 8D72FBB82A9DCE4100CDCFAF /* Chessboard.swift */; };
		8D72FBBB2A9DCE6600CDCFAF /* ChessCell.swift in Sources */ = {isa = PBXBuildFile; fileRef = 8D72FBBA2A9DCE6600CDCFAF /* ChessCell.swift */; };
		8D72FBBE2A9DCFF800CDCFAF /* Knight.swift in Sources */ = {isa = PBXBuildFile; fileRef = 8D72FBBD2A9DCFF800CDCFAF /* Knight.swift */; };
/* End PBXBuildFile section */

/* Begin PBXFileReference section */
		8D72FB9B2A9DCA7F00CDCFAF /* KnightChess.app */ = {isa = PBXFileReference; explicitFileType = wrapper.application; includeInIndex = 0; path = KnightChess.app; sourceTree = BUILT_PRODUCTS_DIR; };
		8D72FB9E2A9DCA7F00CDCFAF /* AppDelegate.swift */ = {isa = PBXFileReference; lastKnownFileType = sourcecode.swift; path = AppDelegate.swift; sourceTree = "<group>"; };
		8D72FBA02A9DCA7F00CDCFAF /* SceneDelegate.swift */ = {isa = PBXFileReference; lastKnownFileType = sourcecode.swift; path = SceneDelegate.swift; sourceTree = "<group>"; };
		8D72FBA22A9DCA7F00CDCFAF /* ViewController.swift */ = {isa = PBXFileReference; lastKnownFileType = sourcecode.swift; path = ViewController.swift; sourceTree = "<group>"; };
		8D72FBA52A9DCA7F00CDCFAF /* Base */ = {isa = PBXFileReference; lastKnownFileType = file.storyboard; name = Base; path = Base.lproj/Main.storyboard; sourceTree = "<group>"; };
		8D72FBA82A9DCA7F00CDCFAF /* KnightChess.xcdatamodel */ = {isa = PBXFileReference; lastKnownFileType = wrapper.xcdatamodel; path = KnightChess.xcdatamodel; sourceTree = "<group>"; };
		8D72FBAA2A9DCA8000CDCFAF /* Assets.xcassets */ = {isa = PBXFileReference; lastKnownFileType = folder.assetcatalog; path = Assets.xcassets; sourceTree = "<group>"; };
		8D72FBAD2A9DCA8000CDCFAF /* Base */ = {isa = PBXFileReference; lastKnownFileType = file.storyboard; name = Base; path = Base.lproj/LaunchScreen.storyboard; sourceTree = "<group>"; };
		8D72FBAF2A9DCA8000CDCFAF /* Info.plist */ = {isa = PBXFileReference; lastKnownFileType = text.plist.xml; path = Info.plist; sourceTree = "<group>"; };
		8D72FBB52A9DCDED00CDCFAF /* ChessBoardViewModel.swift */ = {isa = PBXFileReference; lastKnownFileType = sourcecode.swift; path = ChessBoardViewModel.swift; sourceTree = "<group>"; };
		8D72FBB82A9DCE4100CDCFAF /* Chessboard.swift */ = {isa = PBXFileReference; lastKnownFileType = sourcecode.swift; path = Chessboard.swift; sourceTree = "<group>"; };
		8D72FBBA2A9DCE6600CDCFAF /* ChessCell.swift */ = {isa = PBXFileReference; lastKnownFileType = sourcecode.swift; path = ChessCell.swift; sourceTree = "<group>"; };
		8D72FBBD2A9DCFF800CDCFAF /* Knight.swift */ = {isa = PBXFileReference; lastKnownFileType = sourcecode.swift; path = Knight.swift; sourceTree = "<group>"; };
/* End PBXFileReference section */

/* Begin PBXFrameworksBuildPhase section */
		8D72FB982A9DCA7F00CDCFAF /* Frameworks */ = {
			isa = PBXFrameworksBuildPhase;
			buildActionMask = 2147483647;
			files = (
			);
			runOnlyForDeploymentPostprocessing = 0;
		};
/* End PBXFrameworksBuildPhase section */

/* Begin PBXGroup section */
		8D72FB922A9DCA7F00CDCFAF = {
			isa = PBXGroup;
			children = (
				8D72FB9D2A9DCA7F00CDCFAF /* KnightChess */,
				8D72FB9C2A9DCA7F00CDCFAF /* Products */,
			);
			sourceTree = "<group>";
		};
		8D72FB9C2A9DCA7F00CDCFAF /* Products */ = {
			isa = PBXGroup;
			children = (
				8D72FB9B2A9DCA7F00CDCFAF /* KnightChess.app */,
			);
			name = Products;
			sourceTree = "<group>";
		};
		8D72FB9D2A9DCA7F00CDCFAF /* KnightChess */ = {
			isa = PBXGroup;
			children = (
				8D72FBBC2A9DCFE200CDCFAF /* Knight */,
				8D72FBB72A9DCDF300CDCFAF /* ChessBoard */,
				8D72FB9E2A9DCA7F00CDCFAF /* AppDelegate.swift */,
				8D72FBA02A9DCA7F00CDCFAF /* SceneDelegate.swift */,
				8D72FBA22A9DCA7F00CDCFAF /* ViewController.swift */,
				8D72FBA42A9DCA7F00CDCFAF /* Main.storyboard */,
				8D72FBAA2A9DCA8000CDCFAF /* Assets.xcassets */,
				8D72FBAC2A9DCA8000CDCFAF /* LaunchScreen.storyboard */,
				8D72FBAF2A9DCA8000CDCFAF /* Info.plist */,
				8D72FBA72A9DCA7F00CDCFAF /* KnightChess.xcdatamodeld */,
			);
			path = KnightChess;
			sourceTree = "<group>";
		};
		8D72FBB72A9DCDF300CDCFAF /* ChessBoard */ = {
			isa = PBXGroup;
			children = (
				8D72FBB52A9DCDED00CDCFAF /* ChessBoardViewModel.swift */,
				8D72FBB82A9DCE4100CDCFAF /* Chessboard.swift */,
				8D72FBBA2A9DCE6600CDCFAF /* ChessCell.swift */,
			);
			path = ChessBoard;
			sourceTree = "<group>";
		};
		8D72FBBC2A9DCFE200CDCFAF /* Knight */ = {
			isa = PBXGroup;
			children = (
				8D72FBBD2A9DCFF800CDCFAF /* Knight.swift */,
			);
			path = Knight;
			sourceTree = "<group>";
		};
/* End PBXGroup section */

/* Begin PBXNativeTarget section */
		8D72FB9A2A9DCA7F00CDCFAF /* KnightChess */ = {
			isa = PBXNativeTarget;
			buildConfigurationList = 8D72FBB22A9DCA8000CDCFAF /* Build configuration list for PBXNativeTarget "KnightChess" */;
			buildPhases = (
				8D72FB972A9DCA7F00CDCFAF /* Sources */,
				8D72FB982A9DCA7F00CDCFAF /* Frameworks */,
				8D72FB992A9DCA7F00CDCFAF /* Resources */,
			);
			buildRules = (
			);
			dependencies = (
			);
			name = KnightChess;
			productName = KnightChess;
			productReference = 8D72FB9B2A9DCA7F00CDCFAF /* KnightChess.app */;
			productType = "com.apple.product-type.application";
		};
/* End PBXNativeTarget section */

/* Begin PBXProject section */
		8D72FB932A9DCA7F00CDCFAF /* Project object */ = {
			isa = PBXProject;
			attributes = {
				BuildIndependentTargetsInParallel = 1;
				LastSwiftUpdateCheck = 1430;
				LastUpgradeCheck = 1430;
				TargetAttributes = {
					8D72FB9A2A9DCA7F00CDCFAF = {
						CreatedOnToolsVersion = 14.3.1;
					};
				};
			};
			buildConfigurationList = 8D72FB962A9DCA7F00CDCFAF /* Build configuration list for PBXProject "KnightChess" */;
			compatibilityVersion = "Xcode 14.0";
			developmentRegion = en;
			hasScannedForEncodings = 0;
			knownRegions = (
				en,
				Base,
			);
			mainGroup = 8D72FB922A9DCA7F00CDCFAF;
			productRefGroup = 8D72FB9C2A9DCA7F00CDCFAF /* Products */;
			projectDirPath = "";
			projectRoot = "";
			targets = (
				8D72FB9A2A9DCA7F00CDCFAF /* KnightChess */,
			);
		};
/* End PBXProject section */

/* Begin PBXResourcesBuildPhase section */
		8D72FB992A9DCA7F00CDCFAF /* Resources */ = {
			isa = PBXResourcesBuildPhase;
			buildActionMask = 2147483647;
			files = (
				8D72FBAE2A9DCA8000CDCFAF /* LaunchScreen.storyboard in Resources */,
				8D72FBAB2A9DCA8000CDCFAF /* Assets.xcassets in Resources */,
				8D72FBA62A9DCA7F00CDCFAF /* Main.storyboard in Resources */,
			);
			runOnlyForDeploymentPostprocessing = 0;
		};
/* End PBXResourcesBuildPhase section */

/* Begin PBXSourcesBuildPhase section */
		8D72FB972A9DCA7F00CDCFAF /* Sources */ = {
			isa = PBXSourcesBuildPhase;
			buildActionMask = 2147483647;
			files = (
				8D72FBB62A9DCDED00CDCFAF /* ChessBoardViewModel.swift in Sources */,
				8D72FBA32A9DCA7F00CDCFAF /* ViewController.swift in Sources */,
				8D72FB9F2A9DCA7F00CDCFAF /* AppDelegate.swift in Sources */,
				8D72FBB92A9DCE4100CDCFAF /* Chessboard.swift in Sources */,
				8D72FBBE2A9DCFF800CDCFAF /* Knight.swift in Sources */,
				8D72FBA12A9DCA7F00CDCFAF /* SceneDelegate.swift in Sources */,
				8D72FBA92A9DCA7F00CDCFAF /* KnightChess.xcdatamodeld in Sources */,
				8D72FBBB2A9DCE6600CDCFAF /* ChessCell.swift in Sources */,
			);
			runOnlyForDeploymentPostprocessing = 0;
		};
/* End PBXSourcesBuildPhase section */

/* Begin PBXVariantGroup section */
		8D72FBA42A9DCA7F00CDCFAF /* Main.storyboard */ = {
			isa = PBXVariantGroup;
			children = (
				8D72FBA52A9DCA7F00CDCFAF /* Base */,
			);
			name = Main.storyboard;
			sourceTree = "<group>";
		};
		8D72FBAC2A9DCA8000CDCFAF /* LaunchScreen.storyboard */ = {
			isa = PBXVariantGroup;
			children = (
				8D72FBAD2A9DCA8000CDCFAF /* Base */,
			);
			name = LaunchScreen.storyboard;
			sourceTree = "<group>";
		};
/* End PBXVariantGroup section */

/* Begin XCBuildConfiguration section */
		8D72FBB02A9DCA8000CDCFAF /* Debug */ = {
			isa = XCBuildConfiguration;
			buildSettings = {
				ALWAYS_SEARCH_USER_PATHS = NO;
				CLANG_ANALYZER_NONNULL = YES;
				CLANG_ANALYZER_NUMBER_OBJECT_CONVERSION = YES_AGGRESSIVE;
				CLANG_CXX_LANGUAGE_STANDARD = "gnu++20";
				CLANG_ENABLE_MODULES = YES;
				CLANG_ENABLE_OBJC_ARC = YES;
				CLANG_ENABLE_OBJC_WEAK = YES;
				CLANG_WARN_BLOCK_CAPTURE_AUTORELEASING = YES;
				CLANG_WARN_BOOL_CONVERSION = YES;
				CLANG_WARN_COMMA = YES;
				CLANG_WARN_CONSTANT_CONVERSION = YES;
				CLANG_WARN_DEPRECATED_OBJC_IMPLEMENTATIONS = YES;
				CLANG_WARN_DIRECT_OBJC_ISA_USAGE = YES_ERROR;
				CLANG_WARN_DOCUMENTATION_COMMENTS = YES;
				CLANG_WARN_EMPTY_BODY = YES;
				CLANG_WARN_ENUM_CONVERSION = YES;
				CLANG_WARN_INFINITE_RECURSION = YES;
				CLANG_WARN_INT_CONVERSION = YES;
				CLANG_WARN_NON_LITERAL_NULL_CONVERSION = YES;
				CLANG_WARN_OBJC_IMPLICIT_RETAIN_SELF = YES;
				CLANG_WARN_OBJC_LITERAL_CONVERSION = YES;
				CLANG_WARN_OBJC_ROOT_CLASS = YES_ERROR;
				CLANG_WARN_QUOTED_INCLUDE_IN_FRAMEWORK_HEADER = YES;
				CLANG_WARN_RANGE_LOOP_ANALYSIS = YES;
				CLANG_WARN_STRICT_PROTOTYPES = YES;
				CLANG_WARN_SUSPICIOUS_MOVE = YES;
				CLANG_WARN_UNGUARDED_AVAILABILITY = YES_AGGRESSIVE;
				CLANG_WARN_UNREACHABLE_CODE = YES;
				CLANG_WARN__DUPLICATE_METHOD_MATCH = YES;
				COPY_PHASE_STRIP = NO;
				DEBUG_INFORMATION_FORMAT = dwarf;
				ENABLE_STRICT_OBJC_MSGSEND = YES;
				ENABLE_TESTABILITY = YES;
				GCC_C_LANGUAGE_STANDARD = gnu11;
				GCC_DYNAMIC_NO_PIC = NO;
				GCC_NO_COMMON_BLOCKS = YES;
				GCC_OPTIMIZATION_LEVEL = 0;
				GCC_PREPROCESSOR_DEFINITIONS = (
					"DEBUG=1",
					"$(inherited)",
				);
				GCC_WARN_64_TO_32_BIT_CONVERSION = YES;
				GCC_WARN_ABOUT_RETURN_TYPE = YES_ERROR;
				GCC_WARN_UNDECLARED_SELECTOR = YES;
				GCC_WARN_UNINITIALIZED_AUTOS = YES_AGGRESSIVE;
				GCC_WARN_UNUSED_FUNCTION = YES;
				GCC_WARN_UNUSED_VARIABLE = YES;
				IPHONEOS_DEPLOYMENT_TARGET = 16.4;
				MTL_ENABLE_DEBUG_INFO = INCLUDE_SOURCE;
				MTL_FAST_MATH = YES;
				ONLY_ACTIVE_ARCH = YES;
				SDKROOT = iphoneos;
				SWIFT_ACTIVE_COMPILATION_CONDITIONS = DEBUG;
				SWIFT_OPTIMIZATION_LEVEL = "-Onone";
			};
			name = Debug;
		};
		8D72FBB12A9DCA8000CDCFAF /* Release */ = {
			isa = XCBuildConfiguration;
			buildSettings = {
				ALWAYS_SEARCH_USER_PATHS = NO;
				CLANG_ANALYZER_NONNULL = YES;
				CLANG_ANALYZER_NUMBER_OBJECT_CONVERSION = YES_AGGRESSIVE;
				CLANG_CXX_LANGUAGE_STANDARD = "gnu++20";
				CLANG_ENABLE_MODULES = YES;
				CLANG_ENABLE_OBJC_ARC = YES;
				CLANG_ENABLE_OBJC_WEAK = YES;
				CLANG_WARN_BLOCK_CAPTURE_AUTORELEASING = YES;
				CLANG_WARN_BOOL_CONVERSION = YES;
				CLANG_WARN_COMMA = YES;
				CLANG_WARN_CONSTANT_CONVERSION = YES;
				CLANG_WARN_DEPRECATED_OBJC_IMPLEMENTATIONS = YES;
				CLANG_WARN_DIRECT_OBJC_ISA_USAGE = YES_ERROR;
				CLANG_WARN_DOCUMENTATION_COMMENTS = YES;
				CLANG_WARN_EMPTY_BODY = YES;
				CLANG_WARN_ENUM_CONVERSION = YES;
				CLANG_WARN_INFINITE_RECURSION = YES;
				CLANG_WARN_INT_CONVERSION = YES;
				CLANG_WARN_NON_LITERAL_NULL_CONVERSION = YES;
				CLANG_WARN_OBJC_IMPLICIT_RETAIN_SELF = YES;
				CLANG_WARN_OBJC_LITERAL_CONVERSION = YES;
				CLANG_WARN_OBJC_ROOT_CLASS = YES_ERROR;
				CLANG_WARN_QUOTED_INCLUDE_IN_FRAMEWORK_HEADER = YES;
				CLANG_WARN_RANGE_LOOP_ANALYSIS = YES;
				CLANG_WARN_STRICT_PROTOTYPES = YES;
				CLANG_WARN_SUSPICIOUS_MOVE = YES;
				CLANG_WARN_UNGUARDED_AVAILABILITY = YES_AGGRESSIVE;
				CLANG_WARN_UNREACHABLE_CODE = YES;
				CLANG_WARN__DUPLICATE_METHOD_MATCH = YES;
				COPY_PHASE_STRIP = NO;
				DEBUG_INFORMATION_FORMAT = "dwarf-with-dsym";
				ENABLE_NS_ASSERTIONS = NO;
				ENABLE_STRICT_OBJC_MSGSEND = YES;
				GCC_C_LANGUAGE_STANDARD = gnu11;
				GCC_NO_COMMON_BLOCKS = YES;
				GCC_WARN_64_TO_32_BIT_CONVERSION = YES;
				GCC_WARN_ABOUT_RETURN_TYPE = YES_ERROR;
				GCC_WARN_UNDECLARED_SELECTOR = YES;
				GCC_WARN_UNINITIALIZED_AUTOS = YES_AGGRESSIVE;
				GCC_WARN_UNUSED_FUNCTION = YES;
				GCC_WARN_UNUSED_VARIABLE = YES;
				IPHONEOS_DEPLOYMENT_TARGET = 16.4;
				MTL_ENABLE_DEBUG_INFO = NO;
				MTL_FAST_MATH = YES;
				SDKROOT = iphoneos;
				SWIFT_COMPILATION_MODE = wholemodule;
				SWIFT_OPTIMIZATION_LEVEL = "-O";
				VALIDATE_PRODUCT = YES;
			};
			name = Release;
		};
		8D72FBB32A9DCA8000CDCFAF /* Debug */ = {
			isa = XCBuildConfiguration;
			buildSettings = {
				ASSETCATALOG_COMPILER_APPICON_NAME = AppIcon;
				ASSETCATALOG_COMPILER_GLOBAL_ACCENT_COLOR_NAME = AccentColor;
				CODE_SIGN_STYLE = Automatic;
				CURRENT_PROJECT_VERSION = 1;
				DEVELOPMENT_TEAM = B4MQ7F3ZR2;
				GENERATE_INFOPLIST_FILE = YES;
				INFOPLIST_FILE = KnightChess/Info.plist;
				INFOPLIST_KEY_UIApplicationSupportsIndirectInputEvents = YES;
				INFOPLIST_KEY_UILaunchStoryboardName = LaunchScreen;
				INFOPLIST_KEY_UIMainStoryboardFile = Main;
				INFOPLIST_KEY_UISupportedInterfaceOrientations_iPad = "UIInterfaceOrientationPortrait UIInterfaceOrientationPortraitUpsideDown UIInterfaceOrientationLandscapeLeft UIInterfaceOrientationLandscapeRight";
				INFOPLIST_KEY_UISupportedInterfaceOrientations_iPhone = "UIInterfaceOrientationPortrait UIInterfaceOrientationLandscapeLeft UIInterfaceOrientationLandscapeRight";
				LD_RUNPATH_SEARCH_PATHS = (
					"$(inherited)",
					"@executable_path/Frameworks",
				);
				MARKETING_VERSION = 1.0;
				PRODUCT_BUNDLE_IDENTIFIER = com.despina.KnightChess;
				PRODUCT_NAME = "$(TARGET_NAME)";
				SWIFT_EMIT_LOC_STRINGS = YES;
				SWIFT_VERSION = 5.0;
				TARGETED_DEVICE_FAMILY = "1,2";
			};
			name = Debug;
		};
		8D72FBB42A9DCA8000CDCFAF /* Release */ = {
			isa = XCBuildConfiguration;
			buildSettings = {
				ASSETCATALOG_COMPILER_APPICON_NAME = AppIcon;
				ASSETCATALOG_COMPILER_GLOBAL_ACCENT_COLOR_NAME = AccentColor;
				CODE_SIGN_STYLE = Automatic;
				CURRENT_PROJECT_VERSION = 1;
				DEVELOPMENT_TEAM = B4MQ7F3ZR2;
				GENERATE_INFOPLIST_FILE = YES;
				INFOPLIST_FILE = KnightChess/Info.plist;
				INFOPLIST_KEY_UIApplicationSupportsIndirectInputEvents = YES;
				INFOPLIST_KEY_UILaunchStoryboardName = LaunchScreen;
				INFOPLIST_KEY_UIMainStoryboardFile = Main;
				INFOPLIST_KEY_UISupportedInterfaceOrientations_iPad = "UIInterfaceOrientationPortrait UIInterfaceOrientationPortraitUpsideDown UIInterfaceOrientationLandscapeLeft UIInterfaceOrientationLandscapeRight";
				INFOPLIST_KEY_UISupportedInterfaceOrientations_iPhone = "UIInterfaceOrientationPortrait UIInterfaceOrientationLandscapeLeft UIInterfaceOrientationLandscapeRight";
				LD_RUNPATH_SEARCH_PATHS = (
					"$(inherited)",
					"@executable_path/Frameworks",
				);
				MARKETING_VERSION = 1.0;
				PRODUCT_BUNDLE_IDENTIFIER = com.despina.KnightChess;
				PRODUCT_NAME = "$(TARGET_NAME)";
				SWIFT_EMIT_LOC_STRINGS = YES;
				SWIFT_VERSION = 5.0;
				TARGETED_DEVICE_FAMILY = "1,2";
			};
			name = Release;
		};
/* End XCBuildConfiguration section */

/* Begin XCConfigurationList section */
		8D72FB962A9DCA7F00CDCFAF /* Build configuration list for PBXProject "KnightChess" */ = {
			isa = XCConfigurationList;
			buildConfigurations = (
				8D72FBB02A9DCA8000CDCFAF /* Debug */,
				8D72FBB12A9DCA8000CDCFAF /* Release */,
			);
			defaultConfigurationIsVisible = 0;
			defaultConfigurationName = Release;
		};
		8D72FBB22A9DCA8000CDCFAF /* Build configuration list for PBXNativeTarget "KnightChess" */ = {
			isa = XCConfigurationList;
			buildConfigurations = (
				8D72FBB32A9DCA8000CDCFAF /* Debug */,
				8D72FBB42A9DCA8000CDCFAF /* Release */,
			);
			defaultConfigurationIsVisible = 0;
			defaultConfigurationName = Release;
		};
/* End XCConfigurationList section */

/* Begin XCVersionGroup section */
		8D72FBA72A9DCA7F00CDCFAF /* KnightChess.xcdatamodeld */ = {
			isa = XCVersionGroup;
			children = (
				8D72FBA82A9DCA7F00CDCFAF /* KnightChess.xcdatamodel */,
			);
			currentVersion = 8D72FBA82A9DCA7F00CDCFAF /* KnightChess.xcdatamodel */;
			path = KnightChess.xcdatamodeld;
			sourceTree = "<group>";
			versionGroupType = wrapper.xcdatamodel;
		};
/* End XCVersionGroup section */
	};
	rootObject = 8D72FB932A9DCA7F00CDCFAF /* Project object */;
}
